
Microsoft Visual Studio Solution File, Format Version 12.00
# Visual Studio Version 17
VisualStudioVersion = 17.4.33213.308
MinimumVisualStudioVersion = 10.0.40219.1
Project("{FAE04EC0-301F-11D3-BF4B-00C04F79EFBC}") = "FileHandling_Feb8", "FileHandling_Feb8\FileHandling_Feb8.csproj", "{263E35C4-4484-4737-B564-A5A798EDC479}"
EndProject
Global
	GlobalSection(SolutionConfigurationPlatforms) = preSolution
		Debug|Any CPU = Debug|Any CPU
		Release|Any CPU = Release|Any CPU
	EndGlobalSection
	GlobalSection(ProjectConfigurationPlatforms) = postSolution
		{263E35C4-4484-4737-B564-A5A798EDC479}.Debug|Any CPU.ActiveCfg = Debug|Any CPU
		{263E35C4-4484-4737-B564-A5A798EDC479}.Debug|Any CPU.Build.0 = Debug|Any CPU
		{263E35C4-4484-4737-B564-A5A798EDC479}.Release|Any CPU.ActiveCfg = Release|Any CPU
		{263E35C4-4484-4737-B564-A5A798EDC479}.Release|Any CPU.Build.0 = Release|Any CPU
	EndGlobalSection
	GlobalSection(SolutionProperties) = preSolution
		HideSolutionNode = FALSE
	EndGlobalSection
	GlobalSection(ExtensibilityGlobals) = postSolution
		SolutionGuid = {2BCAA2CA-6261-4B05-8FA1-951F5347CC26}
	EndGlobalSection
EndGlobal
